// !$*UTF8*$!
{
	archiveVersion = 1;
	classes = {
	};
	objectVersion = 50;
	objects = {

/* Begin PBXBuildFile section */
		21AA39DA2071B5E600B7CDFD /* AppDelegate.swift in Sources */ = {isa = PBXBuildFile; fileRef = 21AA39D92071B5E600B7CDFD /* AppDelegate.swift */; };
		21AA39DC2071B5E600B7CDFD /* TodoListViewController.swift in Sources */ = {isa = PBXBuildFile; fileRef = 21AA39DB2071B5E600B7CDFD /* TodoListViewController.swift */; };
		21AA39DF2071B5E600B7CDFD /* Main.storyboard in Resources */ = {isa = PBXBuildFile; fileRef = 21AA39DD2071B5E600B7CDFD /* Main.storyboard */; };
		21AA39E12071B5EA00B7CDFD /* Assets.xcassets in Resources */ = {isa = PBXBuildFile; fileRef = 21AA39E02071B5EA00B7CDFD /* Assets.xcassets */; };
		21AA39E42071B5EA00B7CDFD /* LaunchScreen.storyboard in Resources */ = {isa = PBXBuildFile; fileRef = 21AA39E22071B5EA00B7CDFD /* LaunchScreen.storyboard */; };
		21AA39EC2072D9C100B7CDFD /* Item.swift in Sources */ = {isa = PBXBuildFile; fileRef = 21AA39EB2072D9C100B7CDFD /* Item.swift */; };
/* End PBXBuildFile section */

/* Begin PBXFileReference section */
		21AA39D62071B5E600B7CDFD /* Todoey.app */ = {isa = PBXFileReference; explicitFileType = wrapper.application; includeInIndex = 0; path = Todoey.app; sourceTree = BUILT_PRODUCTS_DIR; };
		21AA39D92071B5E600B7CDFD /* AppDelegate.swift */ = {isa = PBXFileReference; lastKnownFileType = sourcecode.swift; path = AppDelegate.swift; sourceTree = "<group>"; };
		21AA39DB2071B5E600B7CDFD /* TodoListViewController.swift */ = {isa = PBXFileReference; lastKnownFileType = sourcecode.swift; path = TodoListViewController.swift; sourceTree = "<group>"; };
		21AA39DE2071B5E600B7CDFD /* Base */ = {isa = PBXFileReference; lastKnownFileType = file.storyboard; name = Base; path = Base.lproj/Main.storyboard; sourceTree = "<group>"; };
		21AA39E02071B5EA00B7CDFD /* Assets.xcassets */ = {isa = PBXFileReference; lastKnownFileType = folder.assetcatalog; path = Assets.xcassets; sourceTree = "<group>"; };
		21AA39E32071B5EA00B7CDFD /* Base */ = {isa = PBXFileReference; lastKnownFileType = file.storyboard; name = Base; path = Base.lproj/LaunchScreen.storyboard; sourceTree = "<group>"; };
		21AA39E52071B5EA00B7CDFD /* Info.plist */ = {isa = PBXFileReference; lastKnownFileType = text.plist.xml; path = Info.plist; sourceTree = "<group>"; };
		21AA39EB2072D9C100B7CDFD /* Item.swift */ = {isa = PBXFileReference; lastKnownFileType = sourcecode.swift; path = Item.swift; sourceTree = "<group>"; };
/* End PBXFileReference section */

/* Begin PBXFrameworksBuildPhase section */
		21AA39D32071B5E600B7CDFD /* Frameworks */ = {
			isa = PBXFrameworksBuildPhase;
			buildActionMask = 2147483647;
			files = (
			);
			runOnlyForDeploymentPostprocessing = 0;
		};
/* End PBXFrameworksBuildPhase section */

/* Begin PBXGroup section */
		21AA39CD2071B5E600B7CDFD = {
			isa = PBXGroup;
			children = (
				21AA39D82071B5E600B7CDFD /* Todoey */,
				21AA39D72071B5E600B7CDFD /* Products */,
			);
			sourceTree = "<group>";
		};
		21AA39D72071B5E600B7CDFD /* Products */ = {
			isa = PBXGroup;
			children = (
				21AA39D62071B5E600B7CDFD /* Todoey.app */,
			);
			name = Products;
			sourceTree = "<group>";
		};
		21AA39D82071B5E600B7CDFD /* Todoey */ = {
			isa = PBXGroup;
			children = (
				21AA39D92071B5E600B7CDFD /* AppDelegate.swift */,
				21AA39EE2072D9D900B7CDFD /* Controller */,
				21AA39ED2072D9C600B7CDFD /* DataModel */,
				21AA39EF2072DA0100B7CDFD /* View */,
				21AA39E02071B5EA00B7CDFD /* Assets.xcassets */,
				21AA39E22071B5EA00B7CDFD /* LaunchScreen.storyboard */,
				21AA39E52071B5EA00B7CDFD /* Info.plist */,
			);
			path = Todoey;
			sourceTree = "<group>";
		};
		21AA39ED2072D9C600B7CDFD /* DataModel */ = {
			isa = PBXGroup;
			children = (
				21AA39EB2072D9C100B7CDFD /* Item.swift */,
			);
			path = DataModel;
			sourceTree = "<group>";
		};
		21AA39EE2072D9D900B7CDFD /* Controller */ = {
			isa = PBXGroup;
			children = (
				21AA39DB2071B5E600B7CDFD /* TodoListViewController.swift */,
			);
			path = Controller;
			sourceTree = "<group>";
		};
		21AA39EF2072DA0100B7CDFD /* View */ = {
			isa = PBXGroup;
			children = (
				21AA39DD2071B5E600B7CDFD /* Main.storyboard */,
			);
			path = View;
			sourceTree = "<group>";
		};
/* End PBXGroup section */

/* Begin PBXNativeTarget section */
		21AA39D52071B5E600B7CDFD /* Todoey */ = {
			isa = PBXNativeTarget;
			buildConfigurationList = 21AA39E82071B5EA00B7CDFD /* Build configuration list for PBXNativeTarget "Todoey" */;
			buildPhases = (
				21AA39D22071B5E600B7CDFD /* Sources */,
				21AA39D32071B5E600B7CDFD /* Frameworks */,
				21AA39D42071B5E600B7CDFD /* Resources */,
			);
			buildRules = (
			);
			dependencies = (
			);
			name = Todoey;
			productName = Todoey;
			productReference = 21AA39D62071B5E600B7CDFD /* Todoey.app */;
			productType = "com.apple.product-type.application";
		};
/* End PBXNativeTarget section */

/* Begin PBXProject section */
		21AA39CE2071B5E600B7CDFD /* Project object */ = {
			isa = PBXProject;
			attributes = {
				LastSwiftUpdateCheck = 0930;
				LastUpgradeCheck = 0930;
				ORGANIZATIONNAME = "Rahul Desai";
				TargetAttributes = {
					21AA39D52071B5E600B7CDFD = {
						CreatedOnToolsVersion = 9.3;
					};
				};
			};
			buildConfigurationList = 21AA39D12071B5E600B7CDFD /* Build configuration list for PBXProject "Todoey" */;
			compatibilityVersion = "Xcode 9.3";
			developmentRegion = en;
			hasScannedForEncodings = 0;
			knownRegions = (
				en,
				Base,
			);
			mainGroup = 21AA39CD2071B5E600B7CDFD;
			productRefGroup = 21AA39D72071B5E600B7CDFD /* Products */;
			projectDirPath = "";
			projectRoot = "";
			targets = (
				21AA39D52071B5E600B7CDFD /* Todoey */,
			);
		};
/* End PBXProject section */

/* Begin PBXResourcesBuildPhase section */
		21AA39D42071B5E600B7CDFD /* Resources */ = {
			isa = PBXResourcesBuildPhase;
			buildActionMask = 2147483647;
			files = (
				21AA39E42071B5EA00B7CDFD /* LaunchScreen.storyboard in Resources */,
				21AA39E12071B5EA00B7CDFD /* Assets.xcassets in Resources */,
				21AA39DF2071B5E600B7CDFD /* Main.storyboard in Resources */,
			);
			runOnlyForDeploymentPostprocessing = 0;
		};
/* End PBXResourcesBuildPhase section */

/* Begin PBXSourcesBuildPhase section */
		21AA39D22071B5E600B7CDFD /* Sources */ = {
			isa = PBXSourcesBuildPhase;
			buildActionMask = 2147483647;
			files = (
				21AA39DC2071B5E600B7CDFD /* TodoListViewController.swift in Sources */,
				21AA39EC2072D9C100B7CDFD /* Item.swift in Sources */,
				21AA39DA2071B5E600B7CDFD /* AppDelegate.swift in Sources */,
			);
			runOnlyForDeploymentPostprocessing = 0;
		};
/* End PBXSourcesBuildPhase section */

/* Begin PBXVariantGroup section */
		21AA39DD2071B5E600B7CDFD /* Main.storyboard */ = {
			isa = PBXVariantGroup;
			children = (
				21AA39DE2071B5E600B7CDFD /* Base */,
			);
			name = Main.storyboard;
			sourceTree = "<group>";
		};
		21AA39E22071B5EA00B7CDFD /* LaunchScreen.storyboard */ = {
			isa = PBXVariantGroup;
			children = (
				21AA39E32071B5EA00B7CDFD /* Base */,
			);
			name = LaunchScreen.storyboard;
			sourceTree = "<group>";
		};
/* End PBXVariantGroup section */

/* Begin XCBuildConfiguration section */
		21AA39E62071B5EA00B7CDFD /* Debug */ = {
			isa = XCBuildConfiguration;
			buildSettings = {
				ALWAYS_SEARCH_USER_PATHS = NO;
				CLANG_ANALYZER_NONNULL = YES;
				CLANG_ANALYZER_NUMBER_OBJECT_CONVERSION = YES_AGGRESSIVE;
				CLANG_CXX_LANGUAGE_STANDARD = "gnu++14";
				CLANG_CXX_LIBRARY = "libc++";
				CLANG_ENABLE_MODULES = YES;
				CLANG_ENABLE_OBJC_ARC = YES;
				CLANG_ENABLE_OBJC_WEAK = YES;
				CLANG_WARN_BLOCK_CAPTURE_AUTORELEASING = YES;
				CLANG_WARN_BOOL_CONVERSION = YES;
				CLANG_WARN_COMMA = YES;
				CLANG_WARN_CONSTANT_CONVERSION = YES;
				CLANG_WARN_DEPRECATED_OBJC_IMPLEMENTATIONS = YES;
				CLANG_WARN_DIRECT_OBJC_ISA_USAGE = YES_ERROR;
				CLANG_WARN_DOCUMENTATION_COMMENTS = YES;
				CLANG_WARN_EMPTY_BODY = YES;
				CLANG_WARN_ENUM_CONVERSION = YES;
				CLANG_WARN_INFINITE_RECURSION = YES;
				CLANG_WARN_INT_CONVERSION = YES;
				CLANG_WARN_NON_LITERAL_NULL_CONVERSION = YES;
				CLANG_WARN_OBJC_IMPLICIT_RETAIN_SELF = YES;
				CLANG_WARN_OBJC_LITERAL_CONVERSION = YES;
				CLANG_WARN_OBJC_ROOT_CLASS = YES_ERROR;
				CLANG_WARN_RANGE_LOOP_ANALYSIS = YES;
				CLANG_WARN_STRICT_PROTOTYPES = YES;
				CLANG_WARN_SUSPICIOUS_MOVE = YES;
				CLANG_WARN_UNGUARDED_AVAILABILITY = YES_AGGRESSIVE;
				CLANG_WARN_UNREACHABLE_CODE = YES;
				CLANG_WARN__DUPLICATE_METHOD_MATCH = YES;
				CODE_SIGN_IDENTITY = "iPhone Developer";
				COPY_PHASE_STRIP = NO;
				DEBUG_INFORMATION_FORMAT = dwarf;
				ENABLE_STRICT_OBJC_MSGSEND = YES;
				ENABLE_TESTABILITY = YES;
				GCC_C_LANGUAGE_STANDARD = gnu11;
				GCC_DYNAMIC_NO_PIC = NO;
				GCC_NO_COMMON_BLOCKS = YES;
				GCC_OPTIMIZATION_LEVEL = 0;
				GCC_PREPROCESSOR_DEFINITIONS = (
					"DEBUG=1",
					"$(inherited)",
				);
				GCC_WARN_64_TO_32_BIT_CONVERSION = YES;
				GCC_WARN_ABOUT_RETURN_TYPE = YES_ERROR;
				GCC_WARN_UNDECLARED_SELECTOR = YES;
				GCC_WARN_UNINITIALIZED_AUTOS = YES_AGGRESSIVE;
				GCC_WARN_UNUSED_FUNCTION = YES;
				GCC_WARN_UNUSED_VARIABLE = YES;
				IPHONEOS_DEPLOYMENT_TARGET = 11.3;
				MTL_ENABLE_DEBUG_INFO = YES;
				ONLY_ACTIVE_ARCH = YES;
				SDKROOT = iphoneos;
				SWIFT_ACTIVE_COMPILATION_CONDITIONS = DEBUG;
				SWIFT_OPTIMIZATION_LEVEL = "-Onone";
			};
			name = Debug;
		};
		21AA39E72071B5EA00B7CDFD /* Release */ = {
			isa = XCBuildConfiguration;
			buildSettings = {
				ALWAYS_SEARCH_USER_PATHS = NO;
				CLANG_ANALYZER_NONNULL = YES;
				CLANG_ANALYZER_NUMBER_OBJECT_CONVERSION = YES_AGGRESSIVE;
				CLANG_CXX_LANGUAGE_STANDARD = "gnu++14";
				CLANG_CXX_LIBRARY = "libc++";
				CLANG_ENABLE_MODULES = YES;
				CLANG_ENABLE_OBJC_ARC = YES;
				CLANG_ENABLE_OBJC_WEAK = YES;
				CLANG_WARN_BLOCK_CAPTURE_AUTORELEASING = YES;
				CLANG_WARN_BOOL_CONVERSION = YES;
				CLANG_WARN_COMMA = YES;
				CLANG_WARN_CONSTANT_CONVERSION = YES;
				CLANG_WARN_DEPRECATED_OBJC_IMPLEMENTATIONS = YES;
				CLANG_WARN_DIRECT_OBJC_ISA_USAGE = YES_ERROR;
				CLANG_WARN_DOCUMENTATION_COMMENTS = YES;
				CLANG_WARN_EMPTY_BODY = YES;
				CLANG_WARN_ENUM_CONVERSION = YES;
				CLANG_WARN_INFINITE_RECURSION = YES;
				CLANG_WARN_INT_CONVERSION = YES;
				CLANG_WARN_NON_LITERAL_NULL_CONVERSION = YES;
				CLANG_WARN_OBJC_IMPLICIT_RETAIN_SELF = YES;
				CLANG_WARN_OBJC_LITERAL_CONVERSION = YES;
				CLANG_WARN_OBJC_ROOT_CLASS = YES_ERROR;
				CLANG_WARN_RANGE_LOOP_ANALYSIS = YES;
				CLANG_WARN_STRICT_PROTOTYPES = YES;
				CLANG_WARN_SUSPICIOUS_MOVE = YES;
				CLANG_WARN_UNGUARDED_AVAILABILITY = YES_AGGRESSIVE;
				CLANG_WARN_UNREACHABLE_CODE = YES;
				CLANG_WARN__DUPLICATE_METHOD_MATCH = YES;
				CODE_SIGN_IDENTITY = "iPhone Developer";
				COPY_PHASE_STRIP = NO;
				DEBUG_INFORMATION_FORMAT = "dwarf-with-dsym";
				ENABLE_NS_ASSERTIONS = NO;
				ENABLE_STRICT_OBJC_MSGSEND = YES;
				GCC_C_LANGUAGE_STANDARD = gnu11;
				GCC_NO_COMMON_BLOCKS = YES;
				GCC_WARN_64_TO_32_BIT_CONVERSION = YES;
				GCC_WARN_ABOUT_RETURN_TYPE = YES_ERROR;
				GCC_WARN_UNDECLARED_SELECTOR = YES;
				GCC_WARN_UNINITIALIZED_AUTOS = YES_AGGRESSIVE;
				GCC_WARN_UNUSED_FUNCTION = YES;
				GCC_WARN_UNUSED_VARIABLE = YES;
				IPHONEOS_DEPLOYMENT_TARGET = 11.3;
				MTL_ENABLE_DEBUG_INFO = NO;
				SDKROOT = iphoneos;
				SWIFT_COMPILATION_MODE = wholemodule;
				SWIFT_OPTIMIZATION_LEVEL = "-O";
				VALIDATE_PRODUCT = YES;
			};
			name = Release;
		};
		21AA39E92071B5EA00B7CDFD /* Debug */ = {
			isa = XCBuildConfiguration;
			buildSettings = {
				ASSETCATALOG_COMPILER_APPICON_NAME = AppIcon;
				CODE_SIGN_STYLE = Automatic;
				INFOPLIST_FILE = Todoey/Info.plist;
				LD_RUNPATH_SEARCH_PATHS = (
					"$(inherited)",
					"@executable_path/Frameworks",
				);
				PRODUCT_BUNDLE_IDENTIFIER = com.rahuldesai.Todoey;
				PRODUCT_NAME = "$(TARGET_NAME)";
				SWIFT_VERSION = 4.0;
				TARGETED_DEVICE_FAMILY = "1,2";
			};
			name = Debug;
		};
		21AA39EA2071B5EA00B7CDFD /* Release */ = {
			isa = XCBuildConfiguration;
			buildSettings = {
				ASSETCATALOG_COMPILER_APPICON_NAME = AppIcon;
				CODE_SIGN_STYLE = Automatic;
				INFOPLIST_FILE = Todoey/Info.plist;
				LD_RUNPATH_SEARCH_PATHS = (
					"$(inherited)",
					"@executable_path/Frameworks",
				);
				PRODUCT_BUNDLE_IDENTIFIER = com.rahuldesai.Todoey;
				PRODUCT_NAME = "$(TARGET_NAME)";
				SWIFT_VERSION = 4.0;
				TARGETED_DEVICE_FAMILY = "1,2";
			};
			name = Release;
		};
/* End XCBuildConfiguration section */

/* Begin XCConfigurationList section */
		21AA39D12071B5E600B7CDFD /* Build configuration list for PBXProject "Todoey" */ = {
			isa = XCConfigurationList;
			buildConfigurations = (
				21AA39E62071B5EA00B7CDFD /* Debug */,
				21AA39E72071B5EA00B7CDFD /* Release */,
			);
			defaultConfigurationIsVisible = 0;
			defaultConfigurationName = Release;
		};
		21AA39E82071B5EA00B7CDFD /* Build configuration list for PBXNativeTarget "Todoey" */ = {
			isa = XCConfigurationList;
			buildConfigurations = (
				21AA39E92071B5EA00B7CDFD /* Debug */,
				21AA39EA2071B5EA00B7CDFD /* Release */,
			);
			defaultConfigurationIsVisible = 0;
			defaultConfigurationName = Release;
		};
/* End XCConfigurationList section */
	};
	rootObject = 21AA39CE2071B5E600B7CDFD /* Project object */;
}
